
Microsoft Visual Studio Solution File, Format Version 12.00
# Visual Studio Version 16
VisualStudioVersion = 16.0.29123.88
MinimumVisualStudioVersion = 10.0.40219.1
Project("{FAE04EC0-301F-11D3-BF4B-00C04F79EFBC}") = "WebScrape", "WebScrape\WebScrape.csproj", "{55960923-B2B0-44EB-8CE8-1DC2034947CD}"
EndProject
Global
	GlobalSection(SolutionConfigurationPlatforms) = preSolution
		Debug|Any CPU = Debug|Any CPU
		Release|Any CPU = Release|Any CPU
	EndGlobalSection
	GlobalSection(ProjectConfigurationPlatforms) = postSolution
		{55960923-B2B0-44EB-8CE8-1DC2034947CD}.Debug|Any CPU.ActiveCfg = Debug|Any CPU
		{55960923-B2B0-44EB-8CE8-1DC2034947CD}.Debug|Any CPU.Build.0 = Debug|Any CPU
		{55960923-B2B0-44EB-8CE8-1DC2034947CD}.Release|Any CPU.ActiveCfg = Release|Any CPU
		{55960923-B2B0-44EB-8CE8-1DC2034947CD}.Release|Any CPU.Build.0 = Release|Any CPU
	EndGlobalSection
	GlobalSection(SolutionProperties) = preSolution
		HideSolutionNode = FALSE
	EndGlobalSection
	GlobalSection(ExtensibilityGlobals) = postSolution
		SolutionGuid = {4CC196E9-C2B2-4D57-B0F9-69CCFA1D2F04}
	EndGlobalSection
EndGlobal
